PODS:
  - Flutter (1.0.0)
  - flutter_curl (0.0.1):
    - Flutter
  - path_provider_foundation (0.0.1):
    - Flutter
    - FlutterMacOS

DEPENDENCIES:
  - Flutter (from `Flutter`)
  - flutter_curl (from `.symlinks/plugins/flutter_curl/ios`)
  - path_provider_foundation (from `.symlinks/plugins/path_provider_foundation/darwin`)

EXTERNAL SOURCES:
  Flutter:
    :path: Flutter
  flutter_curl:
    :path: ".symlinks/plugins/flutter_curl/ios"
  path_provider_foundation:
    :path: ".symlinks/plugins/path_provider_foundation/darwin"

SPEC CHECKSUMS:
  Flutter: e0871f40cf51350855a761d2e70bf5af5b9b5de7
  flutter_curl: cc451d2932c8d2a0f66c520c7258127f51ac7170
  path_provider_foundation: 080d55be775b7414fd5a5ef3ac137b97b097e564

PODFILE CHECKSUM: 8f3967ecaf24c25452609299012ec86df031f0e8

COCOAPODS: 1.16.2
