PODS:
  - Flutter (1.0.0)
  - flutter_curl (0.0.1):
    - Flutter
  - path_provider_ios (0.0.1):
    - Flutter

DEPENDENCIES:
  - Flutter (from `Flutter`)
  - flutter_curl (from `.symlinks/plugins/flutter_curl/ios`)
  - path_provider_ios (from `.symlinks/plugins/path_provider_ios/ios`)

EXTERNAL SOURCES:
  Flutter:
    :path: Flutter
  flutter_curl:
    :path: ".symlinks/plugins/flutter_curl/ios"
  path_provider_ios:
    :path: ".symlinks/plugins/path_provider_ios/ios"

SPEC CHECKSUMS:
  Flutter: f04841e97a9d0b0a8025694d0796dd46242b2854
  flutter_curl: 945c27ffcce9b51173ddb2b2d40b4773ffd0066e
  path_provider_ios: 14f3d2fd28c4fdb42f44e0f751d12861c43cee02

PODFILE CHECKSUM: b5675097bade0a4cdf3f551b61f413924010d38d

COCOAPODS: 1.11.3
